// !$*UTF8*$!
{
	archiveVersion = 1;
	classes = {
	};
	objectVersion = 46;
	objects = {

/* Begin PBXBuildFile section */
		4CD3F2921ADD6EC2006D510D /* AppDelegate.swift in Sources */ = {isa = PBXBuildFile; fileRef = 4CD3F2911ADD6EC2006D510D /* AppDelegate.swift */; };
		4CD3F2941ADD6EC2006D510D /* ViewController.swift in Sources */ = {isa = PBXBuildFile; fileRef = 4CD3F2931ADD6EC2006D510D /* ViewController.swift */; };
		4CD3F2971ADD6EC2006D510D /* Main.storyboard in Resources */ = {isa = PBXBuildFile; fileRef = 4CD3F2951ADD6EC2006D510D /* Main.storyboard */; };
		4CD3F2991ADD6EC2006D510D /* Images.xcassets in Resources */ = {isa = PBXBuildFile; fileRef = 4CD3F2981ADD6EC2006D510D /* Images.xcassets */; };
		4CD3F29C1ADD6EC2006D510D /* LaunchScreen.xib in Resources */ = {isa = PBXBuildFile; fileRef = 4CD3F29A1ADD6EC2006D510D /* LaunchScreen.xib */; };
		4CD3F2A81ADD6EC2006D510D /* ImgurAppTests.swift in Sources */ = {isa = PBXBuildFile; fileRef = 4CD3F2A71ADD6EC2006D510D /* ImgurAppTests.swift */; };
/* End PBXBuildFile section */

/* Begin PBXContainerItemProxy section */
		4CD3F2A21ADD6EC2006D510D /* PBXContainerItemProxy */ = {
			isa = PBXContainerItemProxy;
			containerPortal = 4CD3F2841ADD6EC2006D510D /* Project object */;
			proxyType = 1;
			remoteGlobalIDString = 4CD3F28B1ADD6EC2006D510D;
			remoteInfo = ImgurApp;
		};
/* End PBXContainerItemProxy section */

/* Begin PBXFileReference section */
		4CD3F28C1ADD6EC2006D510D /* ImgurApp.app */ = {isa = PBXFileReference; explicitFileType = wrapper.application; includeInIndex = 0; path = ImgurApp.app; sourceTree = BUILT_PRODUCTS_DIR; };
		4CD3F2901ADD6EC2006D510D /* Info.plist */ = {isa = PBXFileReference; lastKnownFileType = text.plist.xml; path = Info.plist; sourceTree = "<group>"; };
		4CD3F2911ADD6EC2006D510D /* AppDelegate.swift */ = {isa = PBXFileReference; lastKnownFileType = sourcecode.swift; path = AppDelegate.swift; sourceTree = "<group>"; };
		4CD3F2931ADD6EC2006D510D /* ViewController.swift */ = {isa = PBXFileReference; lastKnownFileType = sourcecode.swift; path = ViewController.swift; sourceTree = "<group>"; };
		4CD3F2961ADD6EC2006D510D /* Base */ = {isa = PBXFileReference; lastKnownFileType = file.storyboard; name = Base; path = Base.lproj/Main.storyboard; sourceTree = "<group>"; };
		4CD3F2981ADD6EC2006D510D /* Images.xcassets */ = {isa = PBXFileReference; lastKnownFileType = folder.assetcatalog; path = Images.xcassets; sourceTree = "<group>"; };
		4CD3F29B1ADD6EC2006D510D /* Base */ = {isa = PBXFileReference; lastKnownFileType = file.xib; name = Base; path = Base.lproj/LaunchScreen.xib; sourceTree = "<group>"; };
		4CD3F2A11ADD6EC2006D510D /* ImgurAppTests.xctest */ = {isa = PBXFileReference; explicitFileType = wrapper.cfbundle; includeInIndex = 0; path = ImgurAppTests.xctest; sourceTree = BUILT_PRODUCTS_DIR; };
		4CD3F2A61ADD6EC2006D510D /* Info.plist */ = {isa = PBXFileReference; lastKnownFileType = text.plist.xml; path = Info.plist; sourceTree = "<group>"; };
		4CD3F2A71ADD6EC2006D510D /* ImgurAppTests.swift */ = {isa = PBXFileReference; lastKnownFileType = sourcecode.swift; path = ImgurAppTests.swift; sourceTree = "<group>"; };
/* End PBXFileReference section */

/* Begin PBXFrameworksBuildPhase section */
		4CD3F2891ADD6EC2006D510D /* Frameworks */ = {
			isa = PBXFrameworksBuildPhase;
			buildActionMask = 2147483647;
			files = (
			);
			runOnlyForDeploymentPostprocessing = 0;
		};
		4CD3F29E1ADD6EC2006D510D /* Frameworks */ = {
			isa = PBXFrameworksBuildPhase;
			buildActionMask = 2147483647;
			files = (
			);
			runOnlyForDeploymentPostprocessing = 0;
		};
/* End PBXFrameworksBuildPhase section */

/* Begin PBXGroup section */
		4CD3F2831ADD6EC2006D510D = {
			isa = PBXGroup;
			children = (
				4CD3F28E1ADD6EC2006D510D /* ImgurApp */,
				4CD3F2A41ADD6EC2006D510D /* ImgurAppTests */,
				4CD3F28D1ADD6EC2006D510D /* Products */,
			);
			sourceTree = "<group>";
		};
		4CD3F28D1ADD6EC2006D510D /* Products */ = {
			isa = PBXGroup;
			children = (
				4CD3F28C1ADD6EC2006D510D /* ImgurApp.app */,
				4CD3F2A11ADD6EC2006D510D /* ImgurAppTests.xctest */,
			);
			name = Products;
			sourceTree = "<group>";
		};
		4CD3F28E1ADD6EC2006D510D /* ImgurApp */ = {
			isa = PBXGroup;
			children = (
				4CD3F2911ADD6EC2006D510D /* AppDelegate.swift */,
				4CD3F2931ADD6EC2006D510D /* ViewController.swift */,
				4CD3F2951ADD6EC2006D510D /* Main.storyboard */,
				4CD3F2981ADD6EC2006D510D /* Images.xcassets */,
				4CD3F29A1ADD6EC2006D510D /* LaunchScreen.xib */,
				4CD3F28F1ADD6EC2006D510D /* Supporting Files */,
			);
			path = ImgurApp;
			sourceTree = "<group>";
		};
		4CD3F28F1ADD6EC2006D510D /* Supporting Files */ = {
			isa = PBXGroup;
			children = (
				4CD3F2901ADD6EC2006D510D /* Info.plist */,
			);
			name = "Supporting Files";
			sourceTree = "<group>";
		};
		4CD3F2A41ADD6EC2006D510D /* ImgurAppTests */ = {
			isa = PBXGroup;
			children = (
				4CD3F2A71ADD6EC2006D510D /* ImgurAppTests.swift */,
				4CD3F2A51ADD6EC2006D510D /* Supporting Files */,
			);
			path = ImgurAppTests;
			sourceTree = "<group>";
		};
		4CD3F2A51ADD6EC2006D510D /* Supporting Files */ = {
			isa = PBXGroup;
			children = (
				4CD3F2A61ADD6EC2006D510D /* Info.plist */,
			);
			name = "Supporting Files";
			sourceTree = "<group>";
		};
/* End PBXGroup section */

/* Begin PBXNativeTarget section */
		4CD3F28B1ADD6EC2006D510D /* ImgurApp */ = {
			isa = PBXNativeTarget;
			buildConfigurationList = 4CD3F2AB1ADD6EC2006D510D /* Build configuration list for PBXNativeTarget "ImgurApp" */;
			buildPhases = (
				4CD3F2881ADD6EC2006D510D /* Sources */,
				4CD3F2891ADD6EC2006D510D /* Frameworks */,
				4CD3F28A1ADD6EC2006D510D /* Resources */,
			);
			buildRules = (
			);
			dependencies = (
			);
			name = ImgurApp;
			productName = ImgurApp;
			productReference = 4CD3F28C1ADD6EC2006D510D /* ImgurApp.app */;
			productType = "com.apple.product-type.application";
		};
		4CD3F2A01ADD6EC2006D510D /* ImgurAppTests */ = {
			isa = PBXNativeTarget;
			buildConfigurationList = 4CD3F2AE1ADD6EC2006D510D /* Build configuration list for PBXNativeTarget "ImgurAppTests" */;
			buildPhases = (
				4CD3F29D1ADD6EC2006D510D /* Sources */,
				4CD3F29E1ADD6EC2006D510D /* Frameworks */,
				4CD3F29F1ADD6EC2006D510D /* Resources */,
			);
			buildRules = (
			);
			dependencies = (
				4CD3F2A31ADD6EC2006D510D /* PBXTargetDependency */,
			);
			name = ImgurAppTests;
			productName = ImgurAppTests;
			productReference = 4CD3F2A11ADD6EC2006D510D /* ImgurAppTests.xctest */;
			productType = "com.apple.product-type.bundle.unit-test";
		};
/* End PBXNativeTarget section */

/* Begin PBXProject section */
		4CD3F2841ADD6EC2006D510D /* Project object */ = {
			isa = PBXProject;
			attributes = {
				LastUpgradeCheck = 0610;
				ORGANIZATIONNAME = Michael;
				TargetAttributes = {
					4CD3F28B1ADD6EC2006D510D = {
						CreatedOnToolsVersion = 6.1.1;
					};
					4CD3F2A01ADD6EC2006D510D = {
						CreatedOnToolsVersion = 6.1.1;
						TestTargetID = 4CD3F28B1ADD6EC2006D510D;
					};
				};
			};
			buildConfigurationList = 4CD3F2871ADD6EC2006D510D /* Build configuration list for PBXProject "ImgurApp" */;
			compatibilityVersion = "Xcode 3.2";
			developmentRegion = English;
			hasScannedForEncodings = 0;
			knownRegions = (
				en,
				Base,
			);
			mainGroup = 4CD3F2831ADD6EC2006D510D;
			productRefGroup = 4CD3F28D1ADD6EC2006D510D /* Products */;
			projectDirPath = "";
			projectRoot = "";
			targets = (
				4CD3F28B1ADD6EC2006D510D /* ImgurApp */,
				4CD3F2A01ADD6EC2006D510D /* ImgurAppTests */,
			);
		};
/* End PBXProject section */

/* Begin PBXResourcesBuildPhase section */
		4CD3F28A1ADD6EC2006D510D /* Resources */ = {
			isa = PBXResourcesBuildPhase;
			buildActionMask = 2147483647;
			files = (
				4CD3F2971ADD6EC2006D510D /* Main.storyboard in Resources */,
				4CD3F29C1ADD6EC2006D510D /* LaunchScreen.xib in Resources */,
				4CD3F2991ADD6EC2006D510D /* Images.xcassets in Resources */,
			);
			runOnlyForDeploymentPostprocessing = 0;
		};
		4CD3F29F1ADD6EC2006D510D /* Resources */ = {
			isa = PBXResourcesBuildPhase;
			buildActionMask = 2147483647;
			files = (
			);
			runOnlyForDeploymentPostprocessing = 0;
		};
/* End PBXResourcesBuildPhase section */

/* Begin PBXSourcesBuildPhase section */
		4CD3F2881ADD6EC2006D510D /* Sources */ = {
			isa = PBXSourcesBuildPhase;
			buildActionMask = 2147483647;
			files = (
				4CD3F2941ADD6EC2006D510D /* ViewController.swift in Sources */,
				4CD3F2921ADD6EC2006D510D /* AppDelegate.swift in Sources */,
			);
			runOnlyForDeploymentPostprocessing = 0;
		};
		4CD3F29D1ADD6EC2006D510D /* Sources */ = {
			isa = PBXSourcesBuildPhase;
			buildActionMask = 2147483647;
			files = (
				4CD3F2A81ADD6EC2006D510D /* ImgurAppTests.swift in Sources */,
			);
			runOnlyForDeploymentPostprocessing = 0;
		};
/* End PBXSourcesBuildPhase section */

/* Begin PBXTargetDependency section */
		4CD3F2A31ADD6EC2006D510D /* PBXTargetDependency */ = {
			isa = PBXTargetDependency;
			target = 4CD3F28B1ADD6EC2006D510D /* ImgurApp */;
			targetProxy = 4CD3F2A21ADD6EC2006D510D /* PBXContainerItemProxy */;
		};
/* End PBXTargetDependency section */

/* Begin PBXVariantGroup section */
		4CD3F2951ADD6EC2006D510D /* Main.storyboard */ = {
			isa = PBXVariantGroup;
			children = (
				4CD3F2961ADD6EC2006D510D /* Base */,
			);
			name = Main.storyboard;
			sourceTree = "<group>";
		};
		4CD3F29A1ADD6EC2006D510D /* LaunchScreen.xib */ = {
			isa = PBXVariantGroup;
			children = (
				4CD3F29B1ADD6EC2006D510D /* Base */,
			);
			name = LaunchScreen.xib;
			sourceTree = "<group>";
		};
/* End PBXVariantGroup section */

/* Begin XCBuildConfiguration section */
		4CD3F2A91ADD6EC2006D510D /* Debug */ = {
			isa = XCBuildConfiguration;
			buildSettings = {
				ALWAYS_SEARCH_USER_PATHS = NO;
				CLANG_CXX_LANGUAGE_STANDARD = "gnu++0x";
				CLANG_CXX_LIBRARY = "libc++";
				CLANG_ENABLE_MODULES = YES;
				CLANG_ENABLE_OBJC_ARC = YES;
				CLANG_WARN_BOOL_CONVERSION = YES;
				CLANG_WARN_CONSTANT_CONVERSION = YES;
				CLANG_WARN_DIRECT_OBJC_ISA_USAGE = YES_ERROR;
				CLANG_WARN_EMPTY_BODY = YES;
				CLANG_WARN_ENUM_CONVERSION = YES;
				CLANG_WARN_INT_CONVERSION = YES;
				CLANG_WARN_OBJC_ROOT_CLASS = YES_ERROR;
				CLANG_WARN_UNREACHABLE_CODE = YES;
				CLANG_WARN__DUPLICATE_METHOD_MATCH = YES;
				"CODE_SIGN_IDENTITY[sdk=iphoneos*]" = "iPhone Developer";
				COPY_PHASE_STRIP = NO;
				ENABLE_STRICT_OBJC_MSGSEND = YES;
				GCC_C_LANGUAGE_STANDARD = gnu99;
				GCC_DYNAMIC_NO_PIC = NO;
				GCC_OPTIMIZATION_LEVEL = 0;
				GCC_PREPROCESSOR_DEFINITIONS = (
					"DEBUG=1",
					"$(inherited)",
				);
				GCC_SYMBOLS_PRIVATE_EXTERN = NO;
				GCC_WARN_64_TO_32_BIT_CONVERSION = YES;
				GCC_WARN_ABOUT_RETURN_TYPE = YES_ERROR;
				GCC_WARN_UNDECLARED_SELECTOR = YES;
				GCC_WARN_UNINITIALIZED_AUTOS = YES_AGGRESSIVE;
				GCC_WARN_UNUSED_FUNCTION = YES;
				GCC_WARN_UNUSED_VARIABLE = YES;
				IPHONEOS_DEPLOYMENT_TARGET = 8.1;
				MTL_ENABLE_DEBUG_INFO = YES;
				ONLY_ACTIVE_ARCH = YES;
				SDKROOT = iphoneos;
				SWIFT_OPTIMIZATION_LEVEL = "-Onone";
				TARGETED_DEVICE_FAMILY = "1,2";
			};
			name = Debug;
		};
		4CD3F2AA1ADD6EC2006D510D /* Release */ = {
			isa = XCBuildConfiguration;
			buildSettings = {
				ALWAYS_SEARCH_USER_PATHS = NO;
				CLANG_CXX_LANGUAGE_STANDARD = "gnu++0x";
				CLANG_CXX_LIBRARY = "libc++";
				CLANG_ENABLE_MODULES = YES;
				CLANG_ENABLE_OBJC_ARC = YES;
				CLANG_WARN_BOOL_CONVERSION = YES;
				CLANG_WARN_CONSTANT_CONVERSION = YES;
				CLANG_WARN_DIRECT_OBJC_ISA_USAGE = YES_ERROR;
				CLANG_WARN_EMPTY_BODY = YES;
				CLANG_WARN_ENUM_CONVERSION = YES;
				CLANG_WARN_INT_CONVERSION = YES;
				CLANG_WARN_OBJC_ROOT_CLASS = YES_ERROR;
				CLANG_WARN_UNREACHABLE_CODE = YES;
				CLANG_WARN__DUPLICATE_METHOD_MATCH = YES;
				"CODE_SIGN_IDENTITY[sdk=iphoneos*]" = "iPhone Developer";
				COPY_PHASE_STRIP = YES;
				ENABLE_NS_ASSERTIONS = NO;
				ENABLE_STRICT_OBJC_MSGSEND = YES;
				GCC_C_LANGUAGE_STANDARD = gnu99;
				GCC_WARN_64_TO_32_BIT_CONVERSION = YES;
				GCC_WARN_ABOUT_RETURN_TYPE = YES_ERROR;
				GCC_WARN_UNDECLARED_SELECTOR = YES;
				GCC_WARN_UNINITIALIZED_AUTOS = YES_AGGRESSIVE;
				GCC_WARN_UNUSED_FUNCTION = YES;
				GCC_WARN_UNUSED_VARIABLE = YES;
				IPHONEOS_DEPLOYMENT_TARGET = 8.1;
				MTL_ENABLE_DEBUG_INFO = NO;
				SDKROOT = iphoneos;
				TARGETED_DEVICE_FAMILY = "1,2";
				VALIDATE_PRODUCT = YES;
			};
			name = Release;
		};
		4CD3F2AC1ADD6EC2006D510D /* Debug */ = {
			isa = XCBuildConfiguration;
			buildSettings = {
				ASSETCATALOG_COMPILER_APPICON_NAME = AppIcon;
				INFOPLIST_FILE = ImgurApp/Info.plist;
				LD_RUNPATH_SEARCH_PATHS = "$(inherited) @executable_path/Frameworks";
				PRODUCT_NAME = "$(TARGET_NAME)";
			};
			name = Debug;
		};
		4CD3F2AD1ADD6EC2006D510D /* Release */ = {
			isa = XCBuildConfiguration;
			buildSettings = {
				ASSETCATALOG_COMPILER_APPICON_NAME = AppIcon;
				INFOPLIST_FILE = ImgurApp/Info.plist;
				LD_RUNPATH_SEARCH_PATHS = "$(inherited) @executable_path/Frameworks";
				PRODUCT_NAME = "$(TARGET_NAME)";
			};
			name = Release;
		};
		4CD3F2AF1ADD6EC2006D510D /* Debug */ = {
			isa = XCBuildConfiguration;
			buildSettings = {
				BUNDLE_LOADER = "$(TEST_HOST)";
				FRAMEWORK_SEARCH_PATHS = (
					"$(SDKROOT)/Developer/Library/Frameworks",
					"$(inherited)",
				);
				GCC_PREPROCESSOR_DEFINITIONS = (
					"DEBUG=1",
					"$(inherited)",
				);
				INFOPLIST_FILE = ImgurAppTests/Info.plist;
				LD_RUNPATH_SEARCH_PATHS = "$(inherited) @executable_path/Frameworks @loader_path/Frameworks";
				PRODUCT_NAME = "$(TARGET_NAME)";
				TEST_HOST = "$(BUILT_PRODUCTS_DIR)/ImgurApp.app/ImgurApp";
			};
			name = Debug;
		};
		4CD3F2B01ADD6EC2006D510D /* Release */ = {
			isa = XCBuildConfiguration;
			buildSettings = {
				BUNDLE_LOADER = "$(TEST_HOST)";
				FRAMEWORK_SEARCH_PATHS = (
					"$(SDKROOT)/Developer/Library/Frameworks",
					"$(inherited)",
				);
				INFOPLIST_FILE = ImgurAppTests/Info.plist;
				LD_RUNPATH_SEARCH_PATHS = "$(inherited) @executable_path/Frameworks @loader_path/Frameworks";
				PRODUCT_NAME = "$(TARGET_NAME)";
				TEST_HOST = "$(BUILT_PRODUCTS_DIR)/ImgurApp.app/ImgurApp";
			};
			name = Release;
		};
/* End XCBuildConfiguration section */

/* Begin XCConfigurationList section */
		4CD3F2871ADD6EC2006D510D /* Build configuration list for PBXProject "ImgurApp" */ = {
			isa = XCConfigurationList;
			buildConfigurations = (
				4CD3F2A91ADD6EC2006D510D /* Debug */,
				4CD3F2AA1ADD6EC2006D510D /* Release */,
			);
			defaultConfigurationIsVisible = 0;
			defaultConfigurationName = Release;
		};
		4CD3F2AB1ADD6EC2006D510D /* Build configuration list for PBXNativeTarget "ImgurApp" */ = {
			isa = XCConfigurationList;
			buildConfigurations = (
				4CD3F2AC1ADD6EC2006D510D /* Debug */,
				4CD3F2AD1ADD6EC2006D510D /* Release */,
			);
			defaultConfigurationIsVisible = 0;
		};
		4CD3F2AE1ADD6EC2006D510D /* Build configuration list for PBXNativeTarget "ImgurAppTests" */ = {
			isa = XCConfigurationList;
			buildConfigurations = (
				4CD3F2AF1ADD6EC2006D510D /* Debug */,
				4CD3F2B01ADD6EC2006D510D /* Release */,
			);
			defaultConfigurationIsVisible = 0;
		};
/* End XCConfigurationList section */
	};
	rootObject = 4CD3F2841ADD6EC2006D510D /* Project object */;
}
